{
  "lockfileVersion": 1,
  "workspaces": {
    "": {
      "name": "jup-perps-client",
      "dependencies": {
        "@solana/kit": "^2.3.0",
      },
      "devDependencies": {
        "@codama/nodes-from-anchor": "^1.2.1",
        "@codama/renderers-js": "^1.2.14",
        "@codama/visitors": "^1.0.0",
        "@types/bun": "latest",
        "codama": "^1.3.0",
        "typescript": "^5.0.0",
      },
    },
  },
  "packages": {
    "@codama/errors": ["@codama/errors@1.3.0", "", { "dependencies": { "@codama/node-types": "1.3.0", "chalk": "^5.4.1", "commander": "^13.1.0" }, "bin": { "errors": "bin/cli.cjs" } }, "sha512-pYp/gOi1c/9btrybWvH2iK5jj7SOpMmyLm9EqbxrivV+lqzfEogU8IG+BLch9sqnuhPgg/PzCaB4sYd438UC/Q=="],

    "@codama/node-types": ["@codama/node-types@1.3.0", "", {}, "sha512-3dPbMXR/QgKUqXMMxc6PUi2f8Dq6eZ9P/v6+ChTQFLGhSQmqC1PsCbL77PuM7mf4IK9np1RXFqbC/EVpgLvbgA=="],

    "@codama/nodes": ["@codama/nodes@1.3.0", "", { "dependencies": { "@codama/errors": "1.3.0", "@codama/node-types": "1.3.0" } }, "sha512-Spf+Whm4jBLFxGPtJuDGmteGe+avoIDnh6rsByU1iJlYmcJJLjZayexFkvW8+1IeDclUMPQYBSj6SjuQEItLqQ=="],

    "@codama/nodes-from-anchor": ["@codama/nodes-from-anchor@1.2.1", "", { "dependencies": { "@codama/errors": "1.3.0", "@codama/nodes": "1.3.0", "@codama/visitors": "1.3.0", "@noble/hashes": "^1.8.0", "@solana/codecs": "2.1.1" } }, "sha512-IzQtPDeKt4LyBWCspFtArEtyYWSthl8my9UzGHqBgvnXx/glyiJ3YuyMV7UbT7uId0Sk2iNW79N9ARp3myVKjg=="],

    "@codama/renderers-core": ["@codama/renderers-core@1.0.16", "", { "dependencies": { "@codama/errors": "1.3.0", "@codama/nodes": "1.3.0", "@codama/visitors-core": "1.3.0" } }, "sha512-IJshH6JsX7GUaYmC6KlOd5pLLyW1Yqd0I8B0pVWvvv9BfPNosC4t4RfusHSkYQePkIvs7CJ7YlwUywwW36Vt8A=="],

    "@codama/renderers-js": ["@codama/renderers-js@1.2.14", "", { "dependencies": { "@codama/errors": "1.3.0", "@codama/nodes": "1.3.0", "@codama/renderers-core": "1.0.16", "@codama/visitors-core": "1.3.0", "@solana/codecs-strings": "^2.1.0", "nunjucks": "^3.2.4", "prettier": "^3.5.3" } }, "sha512-KukxwlX5iJpMBMRsiVY6vrmMipw8MbgHdNO3WFkNV1hO2F/ykhZfdHtZVEVL0Z/dNCBNfExLpign00teneCIoA=="],

    "@codama/validators": ["@codama/validators@1.3.0", "", { "dependencies": { "@codama/errors": "1.3.0", "@codama/nodes": "1.3.0", "@codama/visitors-core": "1.3.0" } }, "sha512-s6rG3fJSvS7zc+fQ5yJN1NHlGQiut+P3Bpi5sQcEikjdWDDezu4OOgkxTh8ksTsCu8Rsif2hVzFYDLMcKjNrag=="],

    "@codama/visitors": ["@codama/visitors@1.3.0", "", { "dependencies": { "@codama/errors": "1.3.0", "@codama/nodes": "1.3.0", "@codama/visitors-core": "1.3.0" } }, "sha512-xcFae6NwC6Omr9tDm6P8rF3IDm5jWe2VMPomixaAc7+mpRhAWLbsg+FYCi0E09NvADo4C1tGo8U/SsvZLATUsQ=="],

    "@codama/visitors-core": ["@codama/visitors-core@1.3.0", "", { "dependencies": { "@codama/errors": "1.3.0", "@codama/nodes": "1.3.0", "json-stable-stringify": "^1.3.0" } }, "sha512-Lldy0aOc882QYDa1IhjXhwpDsQE7oirBaebRddggXYFQs4+cvFROibHXBqG2npHPvQM4Mot6dJHQqffB/QL4iQ=="],

    "@noble/hashes": ["@noble/hashes@1.8.0", "", {}, "sha512-jCs9ldd7NwzpgXDIf6P3+NrHh9/sD6CQdxHyjQI+h/6rDNo88ypBxxz45UDuZHz9r3tNz7N/VInSVoVdtXEI4A=="],

    "@solana/accounts": ["@solana/accounts@2.3.0", "", { "dependencies": { "@solana/addresses": "2.3.0", "@solana/codecs-core": "2.3.0", "@solana/codecs-strings": "2.3.0", "@solana/errors": "2.3.0", "@solana/rpc-spec": "2.3.0", "@solana/rpc-types": "2.3.0" }, "peerDependencies": { "typescript": ">=5.3.3" } }, "sha512-QgQTj404Z6PXNOyzaOpSzjgMOuGwG8vC66jSDB+3zHaRcEPRVRd2sVSrd1U6sHtnV3aiaS6YyDuPQMheg4K2jw=="],

    "@solana/addresses": ["@solana/addresses@2.3.0", "", { "dependencies": { "@solana/assertions": "2.3.0", "@solana/codecs-core": "2.3.0", "@solana/codecs-strings": "2.3.0", "@solana/errors": "2.3.0", "@solana/nominal-types": "2.3.0" }, "peerDependencies": { "typescript": ">=5.3.3" } }, "sha512-ypTNkY2ZaRFpHLnHAgaW8a83N0/WoqdFvCqf4CQmnMdFsZSdC7qOwcbd7YzdaQn9dy+P2hybewzB+KP7LutxGA=="],

    "@solana/assertions": ["@solana/assertions@2.3.0", "", { "dependencies": { "@solana/errors": "2.3.0" }, "peerDependencies": { "typescript": ">=5.3.3" } }, "sha512-Ekoet3khNg3XFLN7MIz8W31wPQISpKUGDGTylLptI+JjCDWx3PIa88xjEMqFo02WJ8sBj2NLV64Xg1sBcsHjZQ=="],

    "@solana/codecs": ["@solana/codecs@2.1.1", "", { "dependencies": { "@solana/codecs-core": "2.1.1", "@solana/codecs-data-structures": "2.1.1", "@solana/codecs-numbers": "2.1.1", "@solana/codecs-strings": "2.1.1", "@solana/options": "2.1.1" }, "peerDependencies": { "typescript": ">=5.3.3" } }, "sha512-89Fv22fZ5dNiXjOKh6I3U1D/lVO/dF/cPHexdiqjS5k5R5uKeK3506rhcnc4ciawQAoOkDwHzW+HitUumF2PJg=="],

    "@solana/codecs-core": ["@solana/codecs-core@2.1.1", "", { "dependencies": { "@solana/errors": "2.1.1" }, "peerDependencies": { "typescript": ">=5.3.3" } }, "sha512-iPQW3UZ2Vi7QFBo2r9tw0NubtH8EdrhhmZulx6lC8V5a+qjaxovtM/q/UW2BTNpqqHLfO0tIcLyBLrNH4HTWPg=="],

    "@solana/codecs-data-structures": ["@solana/codecs-data-structures@2.1.1", "", { "dependencies": { "@solana/codecs-core": "2.1.1", "@solana/codecs-numbers": "2.1.1", "@solana/errors": "2.1.1" }, "peerDependencies": { "typescript": ">=5.3.3" } }, "sha512-OcR7FIhWDFqg6gEslbs2GVKeDstGcSDpkZo9SeV4bm2RLd1EZfxGhWW+yHZfHqOZiIkw9w+aY45bFgKrsLQmFw=="],

    "@solana/codecs-numbers": ["@solana/codecs-numbers@2.1.1", "", { "dependencies": { "@solana/codecs-core": "2.1.1", "@solana/errors": "2.1.1" }, "peerDependencies": { "typescript": ">=5.3.3" } }, "sha512-m20IUPJhPUmPkHSlZ2iMAjJ7PaYUvlMtFhCQYzm9BEBSI6OCvXTG3GAPpAnSGRBfg5y+QNqqmKn4QHU3B6zzCQ=="],

    "@solana/codecs-strings": ["@solana/codecs-strings@2.1.1", "", { "dependencies": { "@solana/codecs-core": "2.1.1", "@solana/codecs-numbers": "2.1.1", "@solana/errors": "2.1.1" }, "peerDependencies": { "fastestsmallesttextencoderdecoder": "^1.0.22", "typescript": ">=5.3.3" } }, "sha512-uhj+A7eT6IJn4nuoX8jDdvZa7pjyZyN+k64EZ8+aUtJGt5Ft4NjRM8Jl5LljwYBWKQCgouVuigZHtTO2yAWExA=="],

    "@solana/errors": ["@solana/errors@2.3.0", "", { "dependencies": { "chalk": "^5.4.1", "commander": "^14.0.0" }, "peerDependencies": { "typescript": ">=5.3.3" }, "bin": { "errors": "bin/cli.mjs" } }, "sha512-66RI9MAbwYV0UtP7kGcTBVLxJgUxoZGm8Fbc0ah+lGiAw17Gugco6+9GrJCV83VyF2mDWyYnYM9qdI3yjgpnaQ=="],

    "@solana/fast-stable-stringify": ["@solana/fast-stable-stringify@2.3.0", "", { "peerDependencies": { "typescript": ">=5.3.3" } }, "sha512-KfJPrMEieUg6D3hfQACoPy0ukrAV8Kio883llt/8chPEG3FVTX9z/Zuf4O01a15xZmBbmQ7toil2Dp0sxMJSxw=="],

    "@solana/functional": ["@solana/functional@2.3.0", "", { "peerDependencies": { "typescript": ">=5.3.3" } }, "sha512-AgsPh3W3tE+nK3eEw/W9qiSfTGwLYEvl0rWaxHht/lRcuDVwfKRzeSa5G79eioWFFqr+pTtoCr3D3OLkwKz02Q=="],

    "@solana/instructions": ["@solana/instructions@2.3.0", "", { "dependencies": { "@solana/codecs-core": "2.3.0", "@solana/errors": "2.3.0" }, "peerDependencies": { "typescript": ">=5.3.3" } }, "sha512-PLMsmaIKu7hEAzyElrk2T7JJx4D+9eRwebhFZpy2PXziNSmFF929eRHKUsKqBFM3cYR1Yy3m6roBZfA+bGE/oQ=="],

    "@solana/keys": ["@solana/keys@2.3.0", "", { "dependencies": { "@solana/assertions": "2.3.0", "@solana/codecs-core": "2.3.0", "@solana/codecs-strings": "2.3.0", "@solana/errors": "2.3.0", "@solana/nominal-types": "2.3.0" }, "peerDependencies": { "typescript": ">=5.3.3" } }, "sha512-ZVVdga79pNH+2pVcm6fr2sWz9HTwfopDVhYb0Lh3dh+WBmJjwkabXEIHey2rUES7NjFa/G7sV8lrUn/v8LDCCQ=="],

    "@solana/kit": ["@solana/kit@2.3.0", "", { "dependencies": { "@solana/accounts": "2.3.0", "@solana/addresses": "2.3.0", "@solana/codecs": "2.3.0", "@solana/errors": "2.3.0", "@solana/functional": "2.3.0", "@solana/instructions": "2.3.0", "@solana/keys": "2.3.0", "@solana/programs": "2.3.0", "@solana/rpc": "2.3.0", "@solana/rpc-parsed-types": "2.3.0", "@solana/rpc-spec-types": "2.3.0", "@solana/rpc-subscriptions": "2.3.0", "@solana/rpc-types": "2.3.0", "@solana/signers": "2.3.0", "@solana/sysvars": "2.3.0", "@solana/transaction-confirmation": "2.3.0", "@solana/transaction-messages": "2.3.0", "@solana/transactions": "2.3.0" }, "peerDependencies": { "typescript": ">=5.3.3" } }, "sha512-sb6PgwoW2LjE5oTFu4lhlS/cGt/NB3YrShEyx7JgWFWysfgLdJnhwWThgwy/4HjNsmtMrQGWVls0yVBHcMvlMQ=="],

    "@solana/nominal-types": ["@solana/nominal-types@2.3.0", "", { "peerDependencies": { "typescript": ">=5.3.3" } }, "sha512-uKlMnlP4PWW5UTXlhKM8lcgIaNj8dvd8xO4Y9l+FVvh9RvW2TO0GwUO6JCo7JBzCB0PSqRJdWWaQ8pu1Ti/OkA=="],

    "@solana/options": ["@solana/options@2.1.1", "", { "dependencies": { "@solana/codecs-core": "2.1.1", "@solana/codecs-data-structures": "2.1.1", "@solana/codecs-numbers": "2.1.1", "@solana/codecs-strings": "2.1.1", "@solana/errors": "2.1.1" }, "peerDependencies": { "typescript": ">=5.3.3" } }, "sha512-rnEExUGVOAV79kiFUEl/51gmSbBYxlcuw2VPnbAV/q53mIHoTgCwDD576N9A8wFftxaJHQFBdNuKiRrnU/fFHA=="],

    "@solana/programs": ["@solana/programs@2.3.0", "", { "dependencies": { "@solana/addresses": "2.3.0", "@solana/errors": "2.3.0" }, "peerDependencies": { "typescript": ">=5.3.3" } }, "sha512-UXKujV71VCI5uPs+cFdwxybtHZAIZyQkqDiDnmK+DawtOO9mBn4Nimdb/6RjR2CXT78mzO9ZCZ3qfyX+ydcB7w=="],

    "@solana/promises": ["@solana/promises@2.3.0", "", { "peerDependencies": { "typescript": ">=5.3.3" } }, "sha512-GjVgutZKXVuojd9rWy1PuLnfcRfqsaCm7InCiZc8bqmJpoghlyluweNc7ml9Y5yQn1P2IOyzh9+p/77vIyNybQ=="],

    "@solana/rpc": ["@solana/rpc@2.3.0", "", { "dependencies": { "@solana/errors": "2.3.0", "@solana/fast-stable-stringify": "2.3.0", "@solana/functional": "2.3.0", "@solana/rpc-api": "2.3.0", "@solana/rpc-spec": "2.3.0", "@solana/rpc-spec-types": "2.3.0", "@solana/rpc-transformers": "2.3.0", "@solana/rpc-transport-http": "2.3.0", "@solana/rpc-types": "2.3.0" }, "peerDependencies": { "typescript": ">=5.3.3" } }, "sha512-ZWN76iNQAOCpYC7yKfb3UNLIMZf603JckLKOOLTHuy9MZnTN8XV6uwvDFhf42XvhglgUjGCEnbUqWtxQ9pa/pQ=="],

    "@solana/rpc-api": ["@solana/rpc-api@2.3.0", "", { "dependencies": { "@solana/addresses": "2.3.0", "@solana/codecs-core": "2.3.0", "@solana/codecs-strings": "2.3.0", "@solana/errors": "2.3.0", "@solana/keys": "2.3.0", "@solana/rpc-parsed-types": "2.3.0", "@solana/rpc-spec": "2.3.0", "@solana/rpc-transformers": "2.3.0", "@solana/rpc-types": "2.3.0", "@solana/transaction-messages": "2.3.0", "@solana/transactions": "2.3.0" }, "peerDependencies": { "typescript": ">=5.3.3" } }, "sha512-UUdiRfWoyYhJL9PPvFeJr4aJ554ob2jXcpn4vKmRVn9ire0sCbpQKYx6K8eEKHZWXKrDW8IDspgTl0gT/aJWVg=="],

    "@solana/rpc-parsed-types": ["@solana/rpc-parsed-types@2.3.0", "", { "peerDependencies": { "typescript": ">=5.3.3" } }, "sha512-B5pHzyEIbBJf9KHej+zdr5ZNAdSvu7WLU2lOUPh81KHdHQs6dEb310LGxcpCc7HVE8IEdO20AbckewDiAN6OCg=="],

    "@solana/rpc-spec": ["@solana/rpc-spec@2.3.0", "", { "dependencies": { "@solana/errors": "2.3.0", "@solana/rpc-spec-types": "2.3.0" }, "peerDependencies": { "typescript": ">=5.3.3" } }, "sha512-fA2LMX4BMixCrNB2n6T83AvjZ3oUQTu7qyPLyt8gHQaoEAXs8k6GZmu6iYcr+FboQCjUmRPgMaABbcr9j2J9Sw=="],

    "@solana/rpc-spec-types": ["@solana/rpc-spec-types@2.3.0", "", { "peerDependencies": { "typescript": ">=5.3.3" } }, "sha512-xQsb65lahjr8Wc9dMtP7xa0ZmDS8dOE2ncYjlvfyw/h4mpdXTUdrSMi6RtFwX33/rGuztQ7Hwaid5xLNSLvsFQ=="],

    "@solana/rpc-subscriptions": ["@solana/rpc-subscriptions@2.3.0", "", { "dependencies": { "@solana/errors": "2.3.0", "@solana/fast-stable-stringify": "2.3.0", "@solana/functional": "2.3.0", "@solana/promises": "2.3.0", "@solana/rpc-spec-types": "2.3.0", "@solana/rpc-subscriptions-api": "2.3.0", "@solana/rpc-subscriptions-channel-websocket": "2.3.0", "@solana/rpc-subscriptions-spec": "2.3.0", "@solana/rpc-transformers": "2.3.0", "@solana/rpc-types": "2.3.0", "@solana/subscribable": "2.3.0" }, "peerDependencies": { "typescript": ">=5.3.3" } }, "sha512-Uyr10nZKGVzvCOqwCZgwYrzuoDyUdwtgQRefh13pXIrdo4wYjVmoLykH49Omt6abwStB0a4UL5gX9V4mFdDJZg=="],

    "@solana/rpc-subscriptions-api": ["@solana/rpc-subscriptions-api@2.3.0", "", { "dependencies": { "@solana/addresses": "2.3.0", "@solana/keys": "2.3.0", "@solana/rpc-subscriptions-spec": "2.3.0", "@solana/rpc-transformers": "2.3.0", "@solana/rpc-types": "2.3.0", "@solana/transaction-messages": "2.3.0", "@solana/transactions": "2.3.0" }, "peerDependencies": { "typescript": ">=5.3.3" } }, "sha512-9mCjVbum2Hg9KGX3LKsrI5Xs0KX390lS+Z8qB80bxhar6MJPugqIPH8uRgLhCW9GN3JprAfjRNl7our8CPvsPQ=="],

    "@solana/rpc-subscriptions-channel-websocket": ["@solana/rpc-subscriptions-channel-websocket@2.3.0", "", { "dependencies": { "@solana/errors": "2.3.0", "@solana/functional": "2.3.0", "@solana/rpc-subscriptions-spec": "2.3.0", "@solana/subscribable": "2.3.0" }, "peerDependencies": { "typescript": ">=5.3.3", "ws": "^8.18.0" } }, "sha512-2oL6ceFwejIgeWzbNiUHI2tZZnaOxNTSerszcin7wYQwijxtpVgUHiuItM/Y70DQmH9sKhmikQp+dqeGalaJxw=="],

    "@solana/rpc-subscriptions-spec": ["@solana/rpc-subscriptions-spec@2.3.0", "", { "dependencies": { "@solana/errors": "2.3.0", "@solana/promises": "2.3.0", "@solana/rpc-spec-types": "2.3.0", "@solana/subscribable": "2.3.0" }, "peerDependencies": { "typescript": ">=5.3.3" } }, "sha512-rdmVcl4PvNKQeA2l8DorIeALCgJEMSu7U8AXJS1PICeb2lQuMeaR+6cs/iowjvIB0lMVjYN2sFf6Q3dJPu6wWg=="],

    "@solana/rpc-transformers": ["@solana/rpc-transformers@2.3.0", "", { "dependencies": { "@solana/errors": "2.3.0", "@solana/functional": "2.3.0", "@solana/nominal-types": "2.3.0", "@solana/rpc-spec-types": "2.3.0", "@solana/rpc-types": "2.3.0" }, "peerDependencies": { "typescript": ">=5.3.3" } }, "sha512-UuHYK3XEpo9nMXdjyGKkPCOr7WsZsxs7zLYDO1A5ELH3P3JoehvrDegYRAGzBS2VKsfApZ86ZpJToP0K3PhmMA=="],

    "@solana/rpc-transport-http": ["@solana/rpc-transport-http@2.3.0", "", { "dependencies": { "@solana/errors": "2.3.0", "@solana/rpc-spec": "2.3.0", "@solana/rpc-spec-types": "2.3.0", "undici-types": "^7.11.0" }, "peerDependencies": { "typescript": ">=5.3.3" } }, "sha512-HFKydmxGw8nAF5N+S0NLnPBDCe5oMDtI2RAmW8DMqP4U3Zxt2XWhvV1SNkAldT5tF0U1vP+is6fHxyhk4xqEvg=="],

    "@solana/rpc-types": ["@solana/rpc-types@2.3.0", "", { "dependencies": { "@solana/addresses": "2.3.0", "@solana/codecs-core": "2.3.0", "@solana/codecs-numbers": "2.3.0", "@solana/codecs-strings": "2.3.0", "@solana/errors": "2.3.0", "@solana/nominal-types": "2.3.0" }, "peerDependencies": { "typescript": ">=5.3.3" } }, "sha512-O09YX2hED2QUyGxrMOxQ9GzH1LlEwwZWu69QbL4oYmIf6P5dzEEHcqRY6L1LsDVqc/dzAdEs/E1FaPrcIaIIPw=="],

    "@solana/signers": ["@solana/signers@2.3.0", "", { "dependencies": { "@solana/addresses": "2.3.0", "@solana/codecs-core": "2.3.0", "@solana/errors": "2.3.0", "@solana/instructions": "2.3.0", "@solana/keys": "2.3.0", "@solana/nominal-types": "2.3.0", "@solana/transaction-messages": "2.3.0", "@solana/transactions": "2.3.0" }, "peerDependencies": { "typescript": ">=5.3.3" } }, "sha512-OSv6fGr/MFRx6J+ZChQMRqKNPGGmdjkqarKkRzkwmv7v8quWsIRnJT5EV8tBy3LI4DLO/A8vKiNSPzvm1TdaiQ=="],

    "@solana/subscribable": ["@solana/subscribable@2.3.0", "", { "dependencies": { "@solana/errors": "2.3.0" }, "peerDependencies": { "typescript": ">=5.3.3" } }, "sha512-DkgohEDbMkdTWiKAoatY02Njr56WXx9e/dKKfmne8/Ad6/2llUIrax78nCdlvZW9quXMaXPTxZvdQqo9N669Og=="],

    "@solana/sysvars": ["@solana/sysvars@2.3.0", "", { "dependencies": { "@solana/accounts": "2.3.0", "@solana/codecs": "2.3.0", "@solana/errors": "2.3.0", "@solana/rpc-types": "2.3.0" }, "peerDependencies": { "typescript": ">=5.3.3" } }, "sha512-LvjADZrpZ+CnhlHqfI5cmsRzX9Rpyb1Ox2dMHnbsRNzeKAMhu9w4ZBIaeTdO322zsTr509G1B+k2ABD3whvUBA=="],

    "@solana/transaction-confirmation": ["@solana/transaction-confirmation@2.3.0", "", { "dependencies": { "@solana/addresses": "2.3.0", "@solana/codecs-strings": "2.3.0", "@solana/errors": "2.3.0", "@solana/keys": "2.3.0", "@solana/promises": "2.3.0", "@solana/rpc": "2.3.0", "@solana/rpc-subscriptions": "2.3.0", "@solana/rpc-types": "2.3.0", "@solana/transaction-messages": "2.3.0", "@solana/transactions": "2.3.0" }, "peerDependencies": { "typescript": ">=5.3.3" } }, "sha512-UiEuiHCfAAZEKdfne/XljFNJbsKAe701UQHKXEInYzIgBjRbvaeYZlBmkkqtxwcasgBTOmEaEKT44J14N9VZDw=="],

    "@solana/transaction-messages": ["@solana/transaction-messages@2.3.0", "", { "dependencies": { "@solana/addresses": "2.3.0", "@solana/codecs-core": "2.3.0", "@solana/codecs-data-structures": "2.3.0", "@solana/codecs-numbers": "2.3.0", "@solana/errors": "2.3.0", "@solana/functional": "2.3.0", "@solana/instructions": "2.3.0", "@solana/nominal-types": "2.3.0", "@solana/rpc-types": "2.3.0" }, "peerDependencies": { "typescript": ">=5.3.3" } }, "sha512-bgqvWuy3MqKS5JdNLH649q+ngiyOu5rGS3DizSnWwYUd76RxZl1kN6CoqHSrrMzFMvis6sck/yPGG3wqrMlAww=="],

    "@solana/transactions": ["@solana/transactions@2.3.0", "", { "dependencies": { "@solana/addresses": "2.3.0", "@solana/codecs-core": "2.3.0", "@solana/codecs-data-structures": "2.3.0", "@solana/codecs-numbers": "2.3.0", "@solana/codecs-strings": "2.3.0", "@solana/errors": "2.3.0", "@solana/functional": "2.3.0", "@solana/instructions": "2.3.0", "@solana/keys": "2.3.0", "@solana/nominal-types": "2.3.0", "@solana/rpc-types": "2.3.0", "@solana/transaction-messages": "2.3.0" }, "peerDependencies": { "typescript": ">=5.3.3" } }, "sha512-LnTvdi8QnrQtuEZor5Msje61sDpPstTVwKg4y81tNxDhiyomjuvnSNLAq6QsB9gIxUqbNzPZgOG9IU4I4/Uaug=="],

    "@types/bun": ["@types/bun@1.2.18", "", { "dependencies": { "bun-types": "1.2.18" } }, "sha512-Xf6RaWVheyemaThV0kUfaAUvCNokFr+bH8Jxp+tTZfx7dAPA8z9ePnP9S9+Vspzuxxx9JRAXhnyccRj3GyCMdQ=="],

    "@types/node": ["@types/node@24.0.13", "", { "dependencies": { "undici-types": "~7.8.0" } }, "sha512-Qm9OYVOFHFYg3wJoTSrz80hoec5Lia/dPp84do3X7dZvLikQvM1YpmvTBEdIr/e+U8HTkFjLHLnl78K/qjf+jQ=="],

    "@types/react": ["@types/react@19.1.8", "", { "dependencies": { "csstype": "^3.0.2" } }, "sha512-AwAfQ2Wa5bCx9WP8nZL2uMZWod7J7/JSplxbTmBQ5ms6QpqNYm672H0Vu9ZVKVngQ+ii4R/byguVEUZQyeg44g=="],

    "a-sync-waterfall": ["a-sync-waterfall@1.0.1", "", {}, "sha512-RYTOHHdWipFUliRFMCS4X2Yn2X8M87V/OpSqWzKKOGhzqyUxzyVmhHDH9sAvG+ZuQf/TAOFsLCpMw09I1ufUnA=="],

    "asap": ["asap@2.0.6", "", {}, "sha512-BSHWgDSAiKs50o2Re8ppvp3seVHXSRM44cdSsT9FfNEUUZLOGWVCsiWaRPWM1Znn+mqZ1OfVZ3z3DWEzSp7hRA=="],

    "bufferutil": ["bufferutil@4.0.9", "", { "dependencies": { "node-gyp-build": "^4.3.0" } }, "sha512-WDtdLmJvAuNNPzByAYpRo2rF1Mmradw6gvWsQKf63476DDXmomT9zUiGypLcG4ibIM67vhAj8jJRdbmEws2Aqw=="],

    "bun-types": ["bun-types@1.2.18", "", { "dependencies": { "@types/node": "*" }, "peerDependencies": { "@types/react": "^19" } }, "sha512-04+Eha5NP7Z0A9YgDAzMk5PHR16ZuLVa83b26kH5+cp1qZW4F6FmAURngE7INf4tKOvCE69vYvDEwoNl1tGiWw=="],

    "call-bind": ["call-bind@1.0.8", "", { "dependencies": { "call-bind-apply-helpers": "^1.0.0", "es-define-property": "^1.0.0", "get-intrinsic": "^1.2.4", "set-function-length": "^1.2.2" } }, "sha512-oKlSFMcMwpUg2ednkhQ454wfWiU/ul3CkJe/PEHcTKuiX6RpbehUiFMXu13HalGZxfUwCQzZG747YXBn1im9ww=="],

    "call-bind-apply-helpers": ["call-bind-apply-helpers@1.0.2", "", { "dependencies": { "es-errors": "^1.3.0", "function-bind": "^1.1.2" } }, "sha512-Sp1ablJ0ivDkSzjcaJdxEunN5/XvksFJ2sMBFfq6x0ryhQV/2b/KwFe21cMpmHtPOSij8K99/wSfoEuTObmuMQ=="],

    "call-bound": ["call-bound@1.0.4", "", { "dependencies": { "call-bind-apply-helpers": "^1.0.2", "get-intrinsic": "^1.3.0" } }, "sha512-+ys997U96po4Kx/ABpBCqhA9EuxJaQWDQg7295H4hBphv3IZg0boBKuwYpt4YXp6MZ5AmZQnU/tyMTlRpaSejg=="],

    "chalk": ["chalk@5.4.1", "", {}, "sha512-zgVZuo2WcZgfUEmsn6eO3kINexW8RAE4maiQ8QNs8CtpPCSyMiYsULR3HQYkm3w8FIA3SberyMJMSldGsW+U3w=="],

    "codama": ["codama@1.3.0", "", { "dependencies": { "@codama/errors": "1.3.0", "@codama/nodes": "1.3.0", "@codama/validators": "1.3.0", "@codama/visitors": "1.3.0" } }, "sha512-rqnD0DRq7H3yJce3nDU1Kdy3Y/TsC/GirS4VazG7AEJ5UbR0fGIoThWWOpl2d5J1JmsaheY7APCY4PpnEZBoJA=="],

    "commander": ["commander@13.1.0", "", {}, "sha512-/rFeCpNJQbhSZjGVwO9RFV3xPqbnERS8MmIQzCtD/zl6gpJuV/bMLuN92oG3F7d8oDEHHRrujSXNUr8fpjntKw=="],

    "csstype": ["csstype@3.1.3", "", {}, "sha512-M1uQkMl8rQK/szD0LNhtqxIPLpimGm8sOBwU7lLnCpSbTyY3yeU1Vc7l4KT5zT4s/yOxHH5O7tIuuLOCnLADRw=="],

    "define-data-property": ["define-data-property@1.1.4", "", { "dependencies": { "es-define-property": "^1.0.0", "es-errors": "^1.3.0", "gopd": "^1.0.1" } }, "sha512-rBMvIzlpA8v6E+SJZoo++HAYqsLrkg7MSfIinMPFhmkorw7X+dOXVJQs+QT69zGkzMyfDnIMN2Wid1+NbL3T+A=="],

    "dunder-proto": ["dunder-proto@1.0.1", "", { "dependencies": { "call-bind-apply-helpers": "^1.0.1", "es-errors": "^1.3.0", "gopd": "^1.2.0" } }, "sha512-KIN/nDJBQRcXw0MLVhZE9iQHmG68qAVIBg9CqmUYjmQIhgij9U5MFvrqkUL5FbtyyzZuOeOt0zdeRe4UY7ct+A=="],

    "es-define-property": ["es-define-property@1.0.1", "", {}, "sha512-e3nRfgfUZ4rNGL232gUgX06QNyyez04KdjFrF+LTRoOXmrOgFKDg4BCdsjW8EnT69eqdYGmRpJwiPVYNrCaW3g=="],

    "es-errors": ["es-errors@1.3.0", "", {}, "sha512-Zf5H2Kxt2xjTvbJvP2ZWLEICxA6j+hAmMzIlypy4xcBg1vKVnx89Wy0GbS+kf5cwCVFFzdCFh2XSCFNULS6csw=="],

    "es-object-atoms": ["es-object-atoms@1.1.1", "", { "dependencies": { "es-errors": "^1.3.0" } }, "sha512-FGgH2h8zKNim9ljj7dankFPcICIK9Cp5bm+c2gQSYePhpaG5+esrLODihIorn+Pe6FGJzWhXQotPv73jTaldXA=="],

    "fastestsmallesttextencoderdecoder": ["fastestsmallesttextencoderdecoder@1.0.22", "", {}, "sha512-Pb8d48e+oIuY4MaM64Cd7OW1gt4nxCHs7/ddPPZ/Ic3sg8yVGM7O9wDvZ7us6ScaUupzM+pfBolwtYhN1IxBIw=="],

    "function-bind": ["function-bind@1.1.2", "", {}, "sha512-7XHNxH7qX9xG5mIwxkhumTox/MIRNcOgDrxWsMt2pAr23WHp6MrRlN7FBSFpCpr+oVO0F744iUgR82nJMfG2SA=="],

    "get-intrinsic": ["get-intrinsic@1.3.0", "", { "dependencies": { "call-bind-apply-helpers": "^1.0.2", "es-define-property": "^1.0.1", "es-errors": "^1.3.0", "es-object-atoms": "^1.1.1", "function-bind": "^1.1.2", "get-proto": "^1.0.1", "gopd": "^1.2.0", "has-symbols": "^1.1.0", "hasown": "^2.0.2", "math-intrinsics": "^1.1.0" } }, "sha512-9fSjSaos/fRIVIp+xSJlE6lfwhES7LNtKaCBIamHsjr2na1BiABJPo0mOjjz8GJDURarmCPGqaiVg5mfjb98CQ=="],

    "get-proto": ["get-proto@1.0.1", "", { "dependencies": { "dunder-proto": "^1.0.1", "es-object-atoms": "^1.0.0" } }, "sha512-sTSfBjoXBp89JvIKIefqw7U2CCebsc74kiY6awiGogKtoSGbgjYE/G/+l9sF3MWFPNc9IcoOC4ODfKHfxFmp0g=="],

    "gopd": ["gopd@1.2.0", "", {}, "sha512-ZUKRh6/kUFoAiTAtTYPZJ3hw9wNxx+BIBOijnlG9PnrJsCcSjs1wyyD6vJpaYtgnzDrKYRSqf3OO6Rfa93xsRg=="],

    "has-property-descriptors": ["has-property-descriptors@1.0.2", "", { "dependencies": { "es-define-property": "^1.0.0" } }, "sha512-55JNKuIW+vq4Ke1BjOTjM2YctQIvCT7GFzHwmfZPGo5wnrgkid0YQtnAleFSqumZm4az3n2BS+erby5ipJdgrg=="],

    "has-symbols": ["has-symbols@1.1.0", "", {}, "sha512-1cDNdwJ2Jaohmb3sg4OmKaMBwuC48sYni5HUw2DvsC8LjGTLK9h+eb1X6RyuOHe4hT0ULCW68iomhjUoKUqlPQ=="],

    "hasown": ["hasown@2.0.2", "", { "dependencies": { "function-bind": "^1.1.2" } }, "sha512-0hJU9SCPvmMzIBdZFqNPXWa6dqh7WdH0cII9y+CyS8rG3nL48Bclra9HmKhVVUHyPWNH5Y7xDwAB7bfgSjkUMQ=="],

    "isarray": ["isarray@2.0.5", "", {}, "sha512-xHjhDr3cNBK0BzdUJSPXZntQUx/mwMS5Rw4A7lPJ90XGAO6ISP/ePDNuo0vhqOZU+UD5JoodwCAAoZQd3FeAKw=="],

    "json-stable-stringify": ["json-stable-stringify@1.3.0", "", { "dependencies": { "call-bind": "^1.0.8", "call-bound": "^1.0.4", "isarray": "^2.0.5", "jsonify": "^0.0.1", "object-keys": "^1.1.1" } }, "sha512-qtYiSSFlwot9XHtF9bD9c7rwKjr+RecWT//ZnPvSmEjpV5mmPOCN4j8UjY5hbjNkOwZ/jQv3J6R1/pL7RwgMsg=="],

    "jsonify": ["jsonify@0.0.1", "", {}, "sha512-2/Ki0GcmuqSrgFyelQq9M05y7PS0mEwuIzrf3f1fPqkVDVRvZrPZtVSMHxdgo8Aq0sxAOb/cr2aqqA3LeWHVPg=="],

    "math-intrinsics": ["math-intrinsics@1.1.0", "", {}, "sha512-/IXtbwEk5HTPyEwyKX6hGkYXxM9nbj64B+ilVJnC/R6B0pH5G4V3b0pVbL7DBj4tkhBAppbQUlf6F6Xl9LHu1g=="],

    "node-gyp-build": ["node-gyp-build@4.8.4", "", { "bin": { "node-gyp-build": "bin.js", "node-gyp-build-optional": "optional.js", "node-gyp-build-test": "build-test.js" } }, "sha512-LA4ZjwlnUblHVgq0oBF3Jl/6h/Nvs5fzBLwdEF4nuxnFdsfajde4WfxtJr3CaiH+F6ewcIB/q4jQ4UzPyid+CQ=="],

    "nunjucks": ["nunjucks@3.2.4", "", { "dependencies": { "a-sync-waterfall": "^1.0.0", "asap": "^2.0.3", "commander": "^5.1.0" }, "peerDependencies": { "chokidar": "^3.3.0" }, "optionalPeers": ["chokidar"], "bin": { "nunjucks-precompile": "bin/precompile" } }, "sha512-26XRV6BhkgK0VOxfbU5cQI+ICFUtMLixv1noZn1tGU38kQH5A5nmmbk/O45xdyBhD1esk47nKrY0mvQpZIhRjQ=="],

    "object-keys": ["object-keys@1.1.1", "", {}, "sha512-NuAESUOUMrlIXOfHKzD6bpPu3tYt3xvjNdRIQ+FeT0lNb4K8WR70CaDxhuNguS2XG+GjkyMwOzsN5ZktImfhLA=="],

    "prettier": ["prettier@3.6.2", "", { "bin": { "prettier": "bin/prettier.cjs" } }, "sha512-I7AIg5boAr5R0FFtJ6rCfD+LFsWHp81dolrFD8S79U9tb8Az2nGrJncnMSnys+bpQJfRUzqs9hnA81OAA3hCuQ=="],

    "set-function-length": ["set-function-length@1.2.2", "", { "dependencies": { "define-data-property": "^1.1.4", "es-errors": "^1.3.0", "function-bind": "^1.1.2", "get-intrinsic": "^1.2.4", "gopd": "^1.0.1", "has-property-descriptors": "^1.0.2" } }, "sha512-pgRc4hJ4/sNjWCSS9AmnS40x3bNMDTknHgL5UaMBTMyJnU90EgWh1Rz+MC9eFu4BuN/UwZjKQuY/1v3rM7HMfg=="],

    "typescript": ["typescript@5.8.3", "", { "bin": { "tsc": "bin/tsc", "tsserver": "bin/tsserver" } }, "sha512-p1diW6TqL9L07nNxvRMM7hMMw4c5XOo/1ibL4aAIGmSAt9slTE1Xgw5KWuof2uTOvCg9BY7ZRi+GaF+7sfgPeQ=="],

    "undici-types": ["undici-types@7.8.0", "", {}, "sha512-9UJ2xGDvQ43tYyVMpuHlsgApydB8ZKfVYTsLDhXkFL/6gfkp+U8xTGdh8pMJv1SpZna0zxG1DwsKZsreLbXBxw=="],

    "utf-8-validate": ["utf-8-validate@5.0.10", "", { "dependencies": { "node-gyp-build": "^4.3.0" } }, "sha512-Z6czzLq4u8fPOyx7TU6X3dvUZVvoJmxSQ+IcrlmagKhilxlhZgxPK6C5Jqbkw1IDUmFTM+cz9QDnnLTwDz/2gQ=="],

    "ws": ["ws@8.18.3", "", { "peerDependencies": { "bufferutil": "^4.0.1", "utf-8-validate": ">=5.0.2" }, "optionalPeers": ["bufferutil", "utf-8-validate"] }, "sha512-PEIGCY5tSlUt50cqyMXfCzX+oOPqN0vuGqWzbcJ2xvnkzkq46oOpz7dQaTDBdfICb4N14+GARUDw2XV2N4tvzg=="],

    "@solana/accounts/@solana/codecs-core": ["@solana/codecs-core@2.3.0", "", { "dependencies": { "@solana/errors": "2.3.0" }, "peerDependencies": { "typescript": ">=5.3.3" } }, "sha512-oG+VZzN6YhBHIoSKgS5ESM9VIGzhWjEHEGNPSibiDTxFhsFWxNaz8LbMDPjBUE69r9wmdGLkrQ+wVPbnJcZPvw=="],

    "@solana/accounts/@solana/codecs-strings": ["@solana/codecs-strings@2.3.0", "", { "dependencies": { "@solana/codecs-core": "2.3.0", "@solana/codecs-numbers": "2.3.0", "@solana/errors": "2.3.0" }, "peerDependencies": { "fastestsmallesttextencoderdecoder": "^1.0.22", "typescript": ">=5.3.3" } }, "sha512-y5pSBYwzVziXu521hh+VxqUtp0hYGTl1eWGoc1W+8mdvBdC1kTqm/X7aYQw33J42hw03JjryvYOvmGgk3Qz/Ug=="],

    "@solana/addresses/@solana/codecs-core": ["@solana/codecs-core@2.3.0", "", { "dependencies": { "@solana/errors": "2.3.0" }, "peerDependencies": { "typescript": ">=5.3.3" } }, "sha512-oG+VZzN6YhBHIoSKgS5ESM9VIGzhWjEHEGNPSibiDTxFhsFWxNaz8LbMDPjBUE69r9wmdGLkrQ+wVPbnJcZPvw=="],

    "@solana/addresses/@solana/codecs-strings": ["@solana/codecs-strings@2.3.0", "", { "dependencies": { "@solana/codecs-core": "2.3.0", "@solana/codecs-numbers": "2.3.0", "@solana/errors": "2.3.0" }, "peerDependencies": { "fastestsmallesttextencoderdecoder": "^1.0.22", "typescript": ">=5.3.3" } }, "sha512-y5pSBYwzVziXu521hh+VxqUtp0hYGTl1eWGoc1W+8mdvBdC1kTqm/X7aYQw33J42hw03JjryvYOvmGgk3Qz/Ug=="],

    "@solana/codecs-core/@solana/errors": ["@solana/errors@2.1.1", "", { "dependencies": { "chalk": "^5.4.1", "commander": "^13.1.0" }, "peerDependencies": { "typescript": ">=5.3.3" }, "bin": { "errors": "bin/cli.mjs" } }, "sha512-sj6DaWNbSJFvLzT8UZoabMefQUfSW/8tXK7NTiagsDmh+Q87eyQDDC9L3z+mNmx9b6dEf6z660MOIplDD2nfEw=="],

    "@solana/codecs-data-structures/@solana/errors": ["@solana/errors@2.1.1", "", { "dependencies": { "chalk": "^5.4.1", "commander": "^13.1.0" }, "peerDependencies": { "typescript": ">=5.3.3" }, "bin": { "errors": "bin/cli.mjs" } }, "sha512-sj6DaWNbSJFvLzT8UZoabMefQUfSW/8tXK7NTiagsDmh+Q87eyQDDC9L3z+mNmx9b6dEf6z660MOIplDD2nfEw=="],

    "@solana/codecs-numbers/@solana/errors": ["@solana/errors@2.1.1", "", { "dependencies": { "chalk": "^5.4.1", "commander": "^13.1.0" }, "peerDependencies": { "typescript": ">=5.3.3" }, "bin": { "errors": "bin/cli.mjs" } }, "sha512-sj6DaWNbSJFvLzT8UZoabMefQUfSW/8tXK7NTiagsDmh+Q87eyQDDC9L3z+mNmx9b6dEf6z660MOIplDD2nfEw=="],

    "@solana/codecs-strings/@solana/errors": ["@solana/errors@2.1.1", "", { "dependencies": { "chalk": "^5.4.1", "commander": "^13.1.0" }, "peerDependencies": { "typescript": ">=5.3.3" }, "bin": { "errors": "bin/cli.mjs" } }, "sha512-sj6DaWNbSJFvLzT8UZoabMefQUfSW/8tXK7NTiagsDmh+Q87eyQDDC9L3z+mNmx9b6dEf6z660MOIplDD2nfEw=="],

    "@solana/errors/commander": ["commander@14.0.0", "", {}, "sha512-2uM9rYjPvyq39NwLRqaiLtWHyDC1FvryJDa2ATTVims5YAS4PupsEQsDvP14FqhFr0P49CYDugi59xaxJlTXRA=="],

    "@solana/instructions/@solana/codecs-core": ["@solana/codecs-core@2.3.0", "", { "dependencies": { "@solana/errors": "2.3.0" }, "peerDependencies": { "typescript": ">=5.3.3" } }, "sha512-oG+VZzN6YhBHIoSKgS5ESM9VIGzhWjEHEGNPSibiDTxFhsFWxNaz8LbMDPjBUE69r9wmdGLkrQ+wVPbnJcZPvw=="],

    "@solana/keys/@solana/codecs-core": ["@solana/codecs-core@2.3.0", "", { "dependencies": { "@solana/errors": "2.3.0" }, "peerDependencies": { "typescript": ">=5.3.3" } }, "sha512-oG+VZzN6YhBHIoSKgS5ESM9VIGzhWjEHEGNPSibiDTxFhsFWxNaz8LbMDPjBUE69r9wmdGLkrQ+wVPbnJcZPvw=="],

    "@solana/keys/@solana/codecs-strings": ["@solana/codecs-strings@2.3.0", "", { "dependencies": { "@solana/codecs-core": "2.3.0", "@solana/codecs-numbers": "2.3.0", "@solana/errors": "2.3.0" }, "peerDependencies": { "fastestsmallesttextencoderdecoder": "^1.0.22", "typescript": ">=5.3.3" } }, "sha512-y5pSBYwzVziXu521hh+VxqUtp0hYGTl1eWGoc1W+8mdvBdC1kTqm/X7aYQw33J42hw03JjryvYOvmGgk3Qz/Ug=="],

    "@solana/kit/@solana/codecs": ["@solana/codecs@2.3.0", "", { "dependencies": { "@solana/codecs-core": "2.3.0", "@solana/codecs-data-structures": "2.3.0", "@solana/codecs-numbers": "2.3.0", "@solana/codecs-strings": "2.3.0", "@solana/options": "2.3.0" }, "peerDependencies": { "typescript": ">=5.3.3" } }, "sha512-JVqGPkzoeyU262hJGdH64kNLH0M+Oew2CIPOa/9tR3++q2pEd4jU2Rxdfye9sd0Ce3XJrR5AIa8ZfbyQXzjh+g=="],

    "@solana/options/@solana/errors": ["@solana/errors@2.1.1", "", { "dependencies": { "chalk": "^5.4.1", "commander": "^13.1.0" }, "peerDependencies": { "typescript": ">=5.3.3" }, "bin": { "errors": "bin/cli.mjs" } }, "sha512-sj6DaWNbSJFvLzT8UZoabMefQUfSW/8tXK7NTiagsDmh+Q87eyQDDC9L3z+mNmx9b6dEf6z660MOIplDD2nfEw=="],

    "@solana/rpc-api/@solana/codecs-core": ["@solana/codecs-core@2.3.0", "", { "dependencies": { "@solana/errors": "2.3.0" }, "peerDependencies": { "typescript": ">=5.3.3" } }, "sha512-oG+VZzN6YhBHIoSKgS5ESM9VIGzhWjEHEGNPSibiDTxFhsFWxNaz8LbMDPjBUE69r9wmdGLkrQ+wVPbnJcZPvw=="],

    "@solana/rpc-api/@solana/codecs-strings": ["@solana/codecs-strings@2.3.0", "", { "dependencies": { "@solana/codecs-core": "2.3.0", "@solana/codecs-numbers": "2.3.0", "@solana/errors": "2.3.0" }, "peerDependencies": { "fastestsmallesttextencoderdecoder": "^1.0.22", "typescript": ">=5.3.3" } }, "sha512-y5pSBYwzVziXu521hh+VxqUtp0hYGTl1eWGoc1W+8mdvBdC1kTqm/X7aYQw33J42hw03JjryvYOvmGgk3Qz/Ug=="],

    "@solana/rpc-transport-http/undici-types": ["undici-types@7.11.0", "", {}, "sha512-kt1ZriHTi7MU+Z/r9DOdAI3ONdaR3M3csEaRc6ewa4f4dTvX4cQCbJ4NkEn0ohE4hHtq85+PhPSTY+pO/1PwgA=="],

    "@solana/rpc-types/@solana/codecs-core": ["@solana/codecs-core@2.3.0", "", { "dependencies": { "@solana/errors": "2.3.0" }, "peerDependencies": { "typescript": ">=5.3.3" } }, "sha512-oG+VZzN6YhBHIoSKgS5ESM9VIGzhWjEHEGNPSibiDTxFhsFWxNaz8LbMDPjBUE69r9wmdGLkrQ+wVPbnJcZPvw=="],

    "@solana/rpc-types/@solana/codecs-numbers": ["@solana/codecs-numbers@2.3.0", "", { "dependencies": { "@solana/codecs-core": "2.3.0", "@solana/errors": "2.3.0" }, "peerDependencies": { "typescript": ">=5.3.3" } }, "sha512-jFvvwKJKffvG7Iz9dmN51OGB7JBcy2CJ6Xf3NqD/VP90xak66m/Lg48T01u5IQ/hc15mChVHiBm+HHuOFDUrQg=="],

    "@solana/rpc-types/@solana/codecs-strings": ["@solana/codecs-strings@2.3.0", "", { "dependencies": { "@solana/codecs-core": "2.3.0", "@solana/codecs-numbers": "2.3.0", "@solana/errors": "2.3.0" }, "peerDependencies": { "fastestsmallesttextencoderdecoder": "^1.0.22", "typescript": ">=5.3.3" } }, "sha512-y5pSBYwzVziXu521hh+VxqUtp0hYGTl1eWGoc1W+8mdvBdC1kTqm/X7aYQw33J42hw03JjryvYOvmGgk3Qz/Ug=="],

    "@solana/signers/@solana/codecs-core": ["@solana/codecs-core@2.3.0", "", { "dependencies": { "@solana/errors": "2.3.0" }, "peerDependencies": { "typescript": ">=5.3.3" } }, "sha512-oG+VZzN6YhBHIoSKgS5ESM9VIGzhWjEHEGNPSibiDTxFhsFWxNaz8LbMDPjBUE69r9wmdGLkrQ+wVPbnJcZPvw=="],

    "@solana/sysvars/@solana/codecs": ["@solana/codecs@2.3.0", "", { "dependencies": { "@solana/codecs-core": "2.3.0", "@solana/codecs-data-structures": "2.3.0", "@solana/codecs-numbers": "2.3.0", "@solana/codecs-strings": "2.3.0", "@solana/options": "2.3.0" }, "peerDependencies": { "typescript": ">=5.3.3" } }, "sha512-JVqGPkzoeyU262hJGdH64kNLH0M+Oew2CIPOa/9tR3++q2pEd4jU2Rxdfye9sd0Ce3XJrR5AIa8ZfbyQXzjh+g=="],

    "@solana/transaction-confirmation/@solana/codecs-strings": ["@solana/codecs-strings@2.3.0", "", { "dependencies": { "@solana/codecs-core": "2.3.0", "@solana/codecs-numbers": "2.3.0", "@solana/errors": "2.3.0" }, "peerDependencies": { "fastestsmallesttextencoderdecoder": "^1.0.22", "typescript": ">=5.3.3" } }, "sha512-y5pSBYwzVziXu521hh+VxqUtp0hYGTl1eWGoc1W+8mdvBdC1kTqm/X7aYQw33J42hw03JjryvYOvmGgk3Qz/Ug=="],

    "@solana/transaction-messages/@solana/codecs-core": ["@solana/codecs-core@2.3.0", "", { "dependencies": { "@solana/errors": "2.3.0" }, "peerDependencies": { "typescript": ">=5.3.3" } }, "sha512-oG+VZzN6YhBHIoSKgS5ESM9VIGzhWjEHEGNPSibiDTxFhsFWxNaz8LbMDPjBUE69r9wmdGLkrQ+wVPbnJcZPvw=="],

    "@solana/transaction-messages/@solana/codecs-data-structures": ["@solana/codecs-data-structures@2.3.0", "", { "dependencies": { "@solana/codecs-core": "2.3.0", "@solana/codecs-numbers": "2.3.0", "@solana/errors": "2.3.0" }, "peerDependencies": { "typescript": ">=5.3.3" } }, "sha512-qvU5LE5DqEdYMYgELRHv+HMOx73sSoV1ZZkwIrclwUmwTbTaH8QAJURBj0RhQ/zCne7VuLLOZFFGv6jGigWhSw=="],

    "@solana/transaction-messages/@solana/codecs-numbers": ["@solana/codecs-numbers@2.3.0", "", { "dependencies": { "@solana/codecs-core": "2.3.0", "@solana/errors": "2.3.0" }, "peerDependencies": { "typescript": ">=5.3.3" } }, "sha512-jFvvwKJKffvG7Iz9dmN51OGB7JBcy2CJ6Xf3NqD/VP90xak66m/Lg48T01u5IQ/hc15mChVHiBm+HHuOFDUrQg=="],

    "@solana/transactions/@solana/codecs-core": ["@solana/codecs-core@2.3.0", "", { "dependencies": { "@solana/errors": "2.3.0" }, "peerDependencies": { "typescript": ">=5.3.3" } }, "sha512-oG+VZzN6YhBHIoSKgS5ESM9VIGzhWjEHEGNPSibiDTxFhsFWxNaz8LbMDPjBUE69r9wmdGLkrQ+wVPbnJcZPvw=="],

    "@solana/transactions/@solana/codecs-data-structures": ["@solana/codecs-data-structures@2.3.0", "", { "dependencies": { "@solana/codecs-core": "2.3.0", "@solana/codecs-numbers": "2.3.0", "@solana/errors": "2.3.0" }, "peerDependencies": { "typescript": ">=5.3.3" } }, "sha512-qvU5LE5DqEdYMYgELRHv+HMOx73sSoV1ZZkwIrclwUmwTbTaH8QAJURBj0RhQ/zCne7VuLLOZFFGv6jGigWhSw=="],

    "@solana/transactions/@solana/codecs-numbers": ["@solana/codecs-numbers@2.3.0", "", { "dependencies": { "@solana/codecs-core": "2.3.0", "@solana/errors": "2.3.0" }, "peerDependencies": { "typescript": ">=5.3.3" } }, "sha512-jFvvwKJKffvG7Iz9dmN51OGB7JBcy2CJ6Xf3NqD/VP90xak66m/Lg48T01u5IQ/hc15mChVHiBm+HHuOFDUrQg=="],

    "@solana/transactions/@solana/codecs-strings": ["@solana/codecs-strings@2.3.0", "", { "dependencies": { "@solana/codecs-core": "2.3.0", "@solana/codecs-numbers": "2.3.0", "@solana/errors": "2.3.0" }, "peerDependencies": { "fastestsmallesttextencoderdecoder": "^1.0.22", "typescript": ">=5.3.3" } }, "sha512-y5pSBYwzVziXu521hh+VxqUtp0hYGTl1eWGoc1W+8mdvBdC1kTqm/X7aYQw33J42hw03JjryvYOvmGgk3Qz/Ug=="],

    "nunjucks/commander": ["commander@5.1.0", "", {}, "sha512-P0CysNDQ7rtVw4QIQtm+MRxV66vKFSvlsQvGYXZWR3qFU0jlMKHZZZgw8e+8DSah4UDKMqnknRDQz+xuQXQ/Zg=="],

    "@solana/accounts/@solana/codecs-strings/@solana/codecs-numbers": ["@solana/codecs-numbers@2.3.0", "", { "dependencies": { "@solana/codecs-core": "2.3.0", "@solana/errors": "2.3.0" }, "peerDependencies": { "typescript": ">=5.3.3" } }, "sha512-jFvvwKJKffvG7Iz9dmN51OGB7JBcy2CJ6Xf3NqD/VP90xak66m/Lg48T01u5IQ/hc15mChVHiBm+HHuOFDUrQg=="],

    "@solana/addresses/@solana/codecs-strings/@solana/codecs-numbers": ["@solana/codecs-numbers@2.3.0", "", { "dependencies": { "@solana/codecs-core": "2.3.0", "@solana/errors": "2.3.0" }, "peerDependencies": { "typescript": ">=5.3.3" } }, "sha512-jFvvwKJKffvG7Iz9dmN51OGB7JBcy2CJ6Xf3NqD/VP90xak66m/Lg48T01u5IQ/hc15mChVHiBm+HHuOFDUrQg=="],

    "@solana/keys/@solana/codecs-strings/@solana/codecs-numbers": ["@solana/codecs-numbers@2.3.0", "", { "dependencies": { "@solana/codecs-core": "2.3.0", "@solana/errors": "2.3.0" }, "peerDependencies": { "typescript": ">=5.3.3" } }, "sha512-jFvvwKJKffvG7Iz9dmN51OGB7JBcy2CJ6Xf3NqD/VP90xak66m/Lg48T01u5IQ/hc15mChVHiBm+HHuOFDUrQg=="],

    "@solana/kit/@solana/codecs/@solana/codecs-core": ["@solana/codecs-core@2.3.0", "", { "dependencies": { "@solana/errors": "2.3.0" }, "peerDependencies": { "typescript": ">=5.3.3" } }, "sha512-oG+VZzN6YhBHIoSKgS5ESM9VIGzhWjEHEGNPSibiDTxFhsFWxNaz8LbMDPjBUE69r9wmdGLkrQ+wVPbnJcZPvw=="],

    "@solana/kit/@solana/codecs/@solana/codecs-data-structures": ["@solana/codecs-data-structures@2.3.0", "", { "dependencies": { "@solana/codecs-core": "2.3.0", "@solana/codecs-numbers": "2.3.0", "@solana/errors": "2.3.0" }, "peerDependencies": { "typescript": ">=5.3.3" } }, "sha512-qvU5LE5DqEdYMYgELRHv+HMOx73sSoV1ZZkwIrclwUmwTbTaH8QAJURBj0RhQ/zCne7VuLLOZFFGv6jGigWhSw=="],

    "@solana/kit/@solana/codecs/@solana/codecs-numbers": ["@solana/codecs-numbers@2.3.0", "", { "dependencies": { "@solana/codecs-core": "2.3.0", "@solana/errors": "2.3.0" }, "peerDependencies": { "typescript": ">=5.3.3" } }, "sha512-jFvvwKJKffvG7Iz9dmN51OGB7JBcy2CJ6Xf3NqD/VP90xak66m/Lg48T01u5IQ/hc15mChVHiBm+HHuOFDUrQg=="],

    "@solana/kit/@solana/codecs/@solana/codecs-strings": ["@solana/codecs-strings@2.3.0", "", { "dependencies": { "@solana/codecs-core": "2.3.0", "@solana/codecs-numbers": "2.3.0", "@solana/errors": "2.3.0" }, "peerDependencies": { "fastestsmallesttextencoderdecoder": "^1.0.22", "typescript": ">=5.3.3" } }, "sha512-y5pSBYwzVziXu521hh+VxqUtp0hYGTl1eWGoc1W+8mdvBdC1kTqm/X7aYQw33J42hw03JjryvYOvmGgk3Qz/Ug=="],

    "@solana/kit/@solana/codecs/@solana/options": ["@solana/options@2.3.0", "", { "dependencies": { "@solana/codecs-core": "2.3.0", "@solana/codecs-data-structures": "2.3.0", "@solana/codecs-numbers": "2.3.0", "@solana/codecs-strings": "2.3.0", "@solana/errors": "2.3.0" }, "peerDependencies": { "typescript": ">=5.3.3" } }, "sha512-PPnnZBRCWWoZQ11exPxf//DRzN2C6AoFsDI/u2AsQfYih434/7Kp4XLpfOMT/XESi+gdBMFNNfbES5zg3wAIkw=="],

    "@solana/rpc-api/@solana/codecs-strings/@solana/codecs-numbers": ["@solana/codecs-numbers@2.3.0", "", { "dependencies": { "@solana/codecs-core": "2.3.0", "@solana/errors": "2.3.0" }, "peerDependencies": { "typescript": ">=5.3.3" } }, "sha512-jFvvwKJKffvG7Iz9dmN51OGB7JBcy2CJ6Xf3NqD/VP90xak66m/Lg48T01u5IQ/hc15mChVHiBm+HHuOFDUrQg=="],

    "@solana/sysvars/@solana/codecs/@solana/codecs-core": ["@solana/codecs-core@2.3.0", "", { "dependencies": { "@solana/errors": "2.3.0" }, "peerDependencies": { "typescript": ">=5.3.3" } }, "sha512-oG+VZzN6YhBHIoSKgS5ESM9VIGzhWjEHEGNPSibiDTxFhsFWxNaz8LbMDPjBUE69r9wmdGLkrQ+wVPbnJcZPvw=="],

    "@solana/sysvars/@solana/codecs/@solana/codecs-data-structures": ["@solana/codecs-data-structures@2.3.0", "", { "dependencies": { "@solana/codecs-core": "2.3.0", "@solana/codecs-numbers": "2.3.0", "@solana/errors": "2.3.0" }, "peerDependencies": { "typescript": ">=5.3.3" } }, "sha512-qvU5LE5DqEdYMYgELRHv+HMOx73sSoV1ZZkwIrclwUmwTbTaH8QAJURBj0RhQ/zCne7VuLLOZFFGv6jGigWhSw=="],

    "@solana/sysvars/@solana/codecs/@solana/codecs-numbers": ["@solana/codecs-numbers@2.3.0", "", { "dependencies": { "@solana/codecs-core": "2.3.0", "@solana/errors": "2.3.0" }, "peerDependencies": { "typescript": ">=5.3.3" } }, "sha512-jFvvwKJKffvG7Iz9dmN51OGB7JBcy2CJ6Xf3NqD/VP90xak66m/Lg48T01u5IQ/hc15mChVHiBm+HHuOFDUrQg=="],

    "@solana/sysvars/@solana/codecs/@solana/codecs-strings": ["@solana/codecs-strings@2.3.0", "", { "dependencies": { "@solana/codecs-core": "2.3.0", "@solana/codecs-numbers": "2.3.0", "@solana/errors": "2.3.0" }, "peerDependencies": { "fastestsmallesttextencoderdecoder": "^1.0.22", "typescript": ">=5.3.3" } }, "sha512-y5pSBYwzVziXu521hh+VxqUtp0hYGTl1eWGoc1W+8mdvBdC1kTqm/X7aYQw33J42hw03JjryvYOvmGgk3Qz/Ug=="],

    "@solana/sysvars/@solana/codecs/@solana/options": ["@solana/options@2.3.0", "", { "dependencies": { "@solana/codecs-core": "2.3.0", "@solana/codecs-data-structures": "2.3.0", "@solana/codecs-numbers": "2.3.0", "@solana/codecs-strings": "2.3.0", "@solana/errors": "2.3.0" }, "peerDependencies": { "typescript": ">=5.3.3" } }, "sha512-PPnnZBRCWWoZQ11exPxf//DRzN2C6AoFsDI/u2AsQfYih434/7Kp4XLpfOMT/XESi+gdBMFNNfbES5zg3wAIkw=="],

    "@solana/transaction-confirmation/@solana/codecs-strings/@solana/codecs-core": ["@solana/codecs-core@2.3.0", "", { "dependencies": { "@solana/errors": "2.3.0" }, "peerDependencies": { "typescript": ">=5.3.3" } }, "sha512-oG+VZzN6YhBHIoSKgS5ESM9VIGzhWjEHEGNPSibiDTxFhsFWxNaz8LbMDPjBUE69r9wmdGLkrQ+wVPbnJcZPvw=="],

    "@solana/transaction-confirmation/@solana/codecs-strings/@solana/codecs-numbers": ["@solana/codecs-numbers@2.3.0", "", { "dependencies": { "@solana/codecs-core": "2.3.0", "@solana/errors": "2.3.0" }, "peerDependencies": { "typescript": ">=5.3.3" } }, "sha512-jFvvwKJKffvG7Iz9dmN51OGB7JBcy2CJ6Xf3NqD/VP90xak66m/Lg48T01u5IQ/hc15mChVHiBm+HHuOFDUrQg=="],
  }
}
